
Microsoft Visual Studio Solution File, Format Version 12.00
# Visual Studio Version 16
VisualStudioVersion = 16.0.31229.75
MinimumVisualStudioVersion = 10.0.40219.1
Project("{FAE04EC0-301F-11D3-BF4B-00C04F79EFBC}") = "Symbl.Realtime.Audio", "Symbl.Realtime.Audio.csproj", "{A7D95DCB-5E6B-410C-897A-F66080B3F01F}"
EndProject
Global
	GlobalSection(SolutionConfigurationPlatforms) = preSolution
		Debug|Any CPU = Debug|Any CPU
		Release|Any CPU = Release|Any CPU
	EndGlobalSection
	GlobalSection(ProjectConfigurationPlatforms) = postSolution
		{A7D95DCB-5E6B-410C-897A-F66080B3F01F}.Debug|Any CPU.ActiveCfg = Debug|Any CPU
		{A7D95DCB-5E6B-410C-897A-F66080B3F01F}.Debug|Any CPU.Build.0 = Debug|Any CPU
		{A7D95DCB-5E6B-410C-897A-F66080B3F01F}.Release|Any CPU.ActiveCfg = Release|Any CPU
		{A7D95DCB-5E6B-410C-897A-F66080B3F01F}.Release|Any CPU.Build.0 = Release|Any CPU
	EndGlobalSection
	GlobalSection(SolutionProperties) = preSolution
		HideSolutionNode = FALSE
	EndGlobalSection
	GlobalSection(ExtensibilityGlobals) = postSolution
		SolutionGuid = {B85518DF-2FB6-4B92-8EC7-96E65FE4F53F}
	EndGlobalSection
EndGlobal
